
Microsoft Visual Studio Solution File, Format Version 12.00
# Visual Studio 15
VisualStudioVersion = 15.0.26124.0
MinimumVisualStudioVersion = 15.0.26124.0
Project("{FAE04EC0-301F-11D3-BF4B-00C04F79EFBC}") = "FireOnWheels.Finance.Service", "FireOnWheels.Finance.Service\FireOnWheels.Finance.Service.csproj", "{17B5FD00-CF72-42DE-A74D-297007BD8D5F}"
EndProject
Project("{FAE04EC0-301F-11D3-BF4B-00C04F79EFBC}") = "FireOnWheels.Notification.Service", "FireOnWheels.Notification.Service\FireOnWheels.Notification.Service.csproj", "{281F6E2C-A1B6-464E-A90E-FD4D83815951}"
EndProject
Project("{FAE04EC0-301F-11D3-BF4B-00C04F79EFBC}") = "FireOnWheels.Messaging", "FireOnWheels.Messaging\FireOnWheels.Messaging.csproj", "{F1CD7780-60A2-4AC1-BD26-D9EF7170319D}"
EndProject
Project("{FAE04EC0-301F-11D3-BF4B-00C04F79EFBC}") = "FireOnWheels.Registration.Service", "FireOnWheels.Registration.Service\FireOnWheels.Registration.Service.csproj", "{2E3DCCFC-BF01-4877-A9B3-22F52F12C9A3}"
EndProject
Project("{FAE04EC0-301F-11D3-BF4B-00C04F79EFBC}") = "FireOnWheels", "FireOnWheels\FireOnWheels.csproj", "{048358CC-ABB1-44E8-8668-D143F80ECD50}"
EndProject
Global
	GlobalSection(SolutionConfigurationPlatforms) = preSolution
		Debug|Any CPU = Debug|Any CPU
		Debug|x64 = Debug|x64
		Debug|x86 = Debug|x86
		Release|Any CPU = Release|Any CPU
		Release|x64 = Release|x64
		Release|x86 = Release|x86
	EndGlobalSection
	GlobalSection(SolutionProperties) = preSolution
		HideSolutionNode = FALSE
	EndGlobalSection
	GlobalSection(ProjectConfigurationPlatforms) = postSolution
		{17B5FD00-CF72-42DE-A74D-297007BD8D5F}.Debug|Any CPU.ActiveCfg = Debug|Any CPU
		{17B5FD00-CF72-42DE-A74D-297007BD8D5F}.Debug|Any CPU.Build.0 = Debug|Any CPU
		{17B5FD00-CF72-42DE-A74D-297007BD8D5F}.Debug|x64.ActiveCfg = Debug|Any CPU
		{17B5FD00-CF72-42DE-A74D-297007BD8D5F}.Debug|x64.Build.0 = Debug|Any CPU
		{17B5FD00-CF72-42DE-A74D-297007BD8D5F}.Debug|x86.ActiveCfg = Debug|Any CPU
		{17B5FD00-CF72-42DE-A74D-297007BD8D5F}.Debug|x86.Build.0 = Debug|Any CPU
		{17B5FD00-CF72-42DE-A74D-297007BD8D5F}.Release|Any CPU.ActiveCfg = Release|Any CPU
		{17B5FD00-CF72-42DE-A74D-297007BD8D5F}.Release|Any CPU.Build.0 = Release|Any CPU
		{17B5FD00-CF72-42DE-A74D-297007BD8D5F}.Release|x64.ActiveCfg = Release|Any CPU
		{17B5FD00-CF72-42DE-A74D-297007BD8D5F}.Release|x64.Build.0 = Release|Any CPU
		{17B5FD00-CF72-42DE-A74D-297007BD8D5F}.Release|x86.ActiveCfg = Release|Any CPU
		{17B5FD00-CF72-42DE-A74D-297007BD8D5F}.Release|x86.Build.0 = Release|Any CPU
		{281F6E2C-A1B6-464E-A90E-FD4D83815951}.Debug|Any CPU.ActiveCfg = Debug|Any CPU
		{281F6E2C-A1B6-464E-A90E-FD4D83815951}.Debug|Any CPU.Build.0 = Debug|Any CPU
		{281F6E2C-A1B6-464E-A90E-FD4D83815951}.Debug|x64.ActiveCfg = Debug|Any CPU
		{281F6E2C-A1B6-464E-A90E-FD4D83815951}.Debug|x64.Build.0 = Debug|Any CPU
		{281F6E2C-A1B6-464E-A90E-FD4D83815951}.Debug|x86.ActiveCfg = Debug|Any CPU
		{281F6E2C-A1B6-464E-A90E-FD4D83815951}.Debug|x86.Build.0 = Debug|Any CPU
		{281F6E2C-A1B6-464E-A90E-FD4D83815951}.Release|Any CPU.ActiveCfg = Release|Any CPU
		{281F6E2C-A1B6-464E-A90E-FD4D83815951}.Release|Any CPU.Build.0 = Release|Any CPU
		{281F6E2C-A1B6-464E-A90E-FD4D83815951}.Release|x64.ActiveCfg = Release|Any CPU
		{281F6E2C-A1B6-464E-A90E-FD4D83815951}.Release|x64.Build.0 = Release|Any CPU
		{281F6E2C-A1B6-464E-A90E-FD4D83815951}.Release|x86.ActiveCfg = Release|Any CPU
		{281F6E2C-A1B6-464E-A90E-FD4D83815951}.Release|x86.Build.0 = Release|Any CPU
		{F1CD7780-60A2-4AC1-BD26-D9EF7170319D}.Debug|Any CPU.ActiveCfg = Debug|Any CPU
		{F1CD7780-60A2-4AC1-BD26-D9EF7170319D}.Debug|Any CPU.Build.0 = Debug|Any CPU
		{F1CD7780-60A2-4AC1-BD26-D9EF7170319D}.Debug|x64.ActiveCfg = Debug|Any CPU
		{F1CD7780-60A2-4AC1-BD26-D9EF7170319D}.Debug|x64.Build.0 = Debug|Any CPU
		{F1CD7780-60A2-4AC1-BD26-D9EF7170319D}.Debug|x86.ActiveCfg = Debug|Any CPU
		{F1CD7780-60A2-4AC1-BD26-D9EF7170319D}.Debug|x86.Build.0 = Debug|Any CPU
		{F1CD7780-60A2-4AC1-BD26-D9EF7170319D}.Release|Any CPU.ActiveCfg = Release|Any CPU
		{F1CD7780-60A2-4AC1-BD26-D9EF7170319D}.Release|Any CPU.Build.0 = Release|Any CPU
		{F1CD7780-60A2-4AC1-BD26-D9EF7170319D}.Release|x64.ActiveCfg = Release|Any CPU
		{F1CD7780-60A2-4AC1-BD26-D9EF7170319D}.Release|x64.Build.0 = Release|Any CPU
		{F1CD7780-60A2-4AC1-BD26-D9EF7170319D}.Release|x86.ActiveCfg = Release|Any CPU
		{F1CD7780-60A2-4AC1-BD26-D9EF7170319D}.Release|x86.Build.0 = Release|Any CPU
		{2E3DCCFC-BF01-4877-A9B3-22F52F12C9A3}.Debug|Any CPU.ActiveCfg = Debug|Any CPU
		{2E3DCCFC-BF01-4877-A9B3-22F52F12C9A3}.Debug|Any CPU.Build.0 = Debug|Any CPU
		{2E3DCCFC-BF01-4877-A9B3-22F52F12C9A3}.Debug|x64.ActiveCfg = Debug|Any CPU
		{2E3DCCFC-BF01-4877-A9B3-22F52F12C9A3}.Debug|x64.Build.0 = Debug|Any CPU
		{2E3DCCFC-BF01-4877-A9B3-22F52F12C9A3}.Debug|x86.ActiveCfg = Debug|Any CPU
		{2E3DCCFC-BF01-4877-A9B3-22F52F12C9A3}.Debug|x86.Build.0 = Debug|Any CPU
		{2E3DCCFC-BF01-4877-A9B3-22F52F12C9A3}.Release|Any CPU.ActiveCfg = Release|Any CPU
		{2E3DCCFC-BF01-4877-A9B3-22F52F12C9A3}.Release|Any CPU.Build.0 = Release|Any CPU
		{2E3DCCFC-BF01-4877-A9B3-22F52F12C9A3}.Release|x64.ActiveCfg = Release|Any CPU
		{2E3DCCFC-BF01-4877-A9B3-22F52F12C9A3}.Release|x64.Build.0 = Release|Any CPU
		{2E3DCCFC-BF01-4877-A9B3-22F52F12C9A3}.Release|x86.ActiveCfg = Release|Any CPU
		{2E3DCCFC-BF01-4877-A9B3-22F52F12C9A3}.Release|x86.Build.0 = Release|Any CPU
		{048358CC-ABB1-44E8-8668-D143F80ECD50}.Debug|Any CPU.ActiveCfg = Debug|Any CPU
		{048358CC-ABB1-44E8-8668-D143F80ECD50}.Debug|Any CPU.Build.0 = Debug|Any CPU
		{048358CC-ABB1-44E8-8668-D143F80ECD50}.Debug|x64.ActiveCfg = Debug|Any CPU
		{048358CC-ABB1-44E8-8668-D143F80ECD50}.Debug|x64.Build.0 = Debug|Any CPU
		{048358CC-ABB1-44E8-8668-D143F80ECD50}.Debug|x86.ActiveCfg = Debug|Any CPU
		{048358CC-ABB1-44E8-8668-D143F80ECD50}.Debug|x86.Build.0 = Debug|Any CPU
		{048358CC-ABB1-44E8-8668-D143F80ECD50}.Release|Any CPU.ActiveCfg = Release|Any CPU
		{048358CC-ABB1-44E8-8668-D143F80ECD50}.Release|Any CPU.Build.0 = Release|Any CPU
		{048358CC-ABB1-44E8-8668-D143F80ECD50}.Release|x64.ActiveCfg = Release|Any CPU
		{048358CC-ABB1-44E8-8668-D143F80ECD50}.Release|x64.Build.0 = Release|Any CPU
		{048358CC-ABB1-44E8-8668-D143F80ECD50}.Release|x86.ActiveCfg = Release|Any CPU
		{048358CC-ABB1-44E8-8668-D143F80ECD50}.Release|x86.Build.0 = Release|Any CPU
	EndGlobalSection
EndGlobal
